// !$*UTF8*$!
{
	archiveVersion = 1;
	classes = {
	};
	objectVersion = 46;
	objects = {

/* Begin PBXBuildFile section */
		13642E681F1183D1008174AB /* AppDelegate.swift in Sources */ = {isa = PBXBuildFile; fileRef = 13642E671F1183D1008174AB /* AppDelegate.swift */; };
		13642E6A1F1183D1008174AB /* ViewController.swift in Sources */ = {isa = PBXBuildFile; fileRef = 13642E691F1183D1008174AB /* ViewController.swift */; };
		13642E6D1F1183D1008174AB /* Main.storyboard in Resources */ = {isa = PBXBuildFile; fileRef = 13642E6B1F1183D1008174AB /* Main.storyboard */; };
		13642E6F1F1183D1008174AB /* Assets.xcassets in Resources */ = {isa = PBXBuildFile; fileRef = 13642E6E1F1183D1008174AB /* Assets.xcassets */; };
		13642E721F1183D1008174AB /* LaunchScreen.storyboard in Resources */ = {isa = PBXBuildFile; fileRef = 13642E701F1183D1008174AB /* LaunchScreen.storyboard */; };
		13642E911F12029C008174AB /* AAPLCameraViewController.m in Sources */ = {isa = PBXBuildFile; fileRef = 13642E8E1F12029C008174AB /* AAPLCameraViewController.m */; };
		13642E921F12029C008174AB /* AAPLPreviewView.m in Sources */ = {isa = PBXBuildFile; fileRef = 13642E901F12029C008174AB /* AAPLPreviewView.m */; };
		138E31091F15611F00036C45 /* GoogleService-Info.plist in Resources */ = {isa = PBXBuildFile; fileRef = 138E31081F15611F00036C45 /* GoogleService-Info.plist */; };
		138E310B1F15949800036C45 /* RoundTextField.swift in Sources */ = {isa = PBXBuildFile; fileRef = 138E310A1F15949800036C45 /* RoundTextField.swift */; };
		138E310F1F1598DD00036C45 /* RoundedButton.swift in Sources */ = {isa = PBXBuildFile; fileRef = 138E310E1F1598DD00036C45 /* RoundedButton.swift */; };
		138E31111F159A3900036C45 /* LogInVC.swift in Sources */ = {isa = PBXBuildFile; fileRef = 138E31101F159A3900036C45 /* LogInVC.swift */; };
		346D27769A5915E1635815F7 /* Pods_SlapChat.framework in Frameworks */ = {isa = PBXBuildFile; fileRef = 3FD1A14E66238C7C7D3DBF3A /* Pods_SlapChat.framework */; };
/* End PBXBuildFile section */

/* Begin PBXFileReference section */
		13642E641F1183D1008174AB /* SlapChat.app */ = {isa = PBXFileReference; explicitFileType = wrapper.application; includeInIndex = 0; path = SlapChat.app; sourceTree = BUILT_PRODUCTS_DIR; };
		13642E671F1183D1008174AB /* AppDelegate.swift */ = {isa = PBXFileReference; lastKnownFileType = sourcecode.swift; path = AppDelegate.swift; sourceTree = "<group>"; };
		13642E691F1183D1008174AB /* ViewController.swift */ = {isa = PBXFileReference; lastKnownFileType = sourcecode.swift; path = ViewController.swift; sourceTree = "<group>"; };
		13642E6C1F1183D1008174AB /* Base */ = {isa = PBXFileReference; lastKnownFileType = file.storyboard; name = Base; path = Base.lproj/Main.storyboard; sourceTree = "<group>"; };
		13642E6E1F1183D1008174AB /* Assets.xcassets */ = {isa = PBXFileReference; lastKnownFileType = folder.assetcatalog; path = Assets.xcassets; sourceTree = "<group>"; };
		13642E711F1183D1008174AB /* Base */ = {isa = PBXFileReference; lastKnownFileType = file.storyboard; name = Base; path = Base.lproj/LaunchScreen.storyboard; sourceTree = "<group>"; };
		13642E731F1183D1008174AB /* Info.plist */ = {isa = PBXFileReference; lastKnownFileType = text.plist.xml; path = Info.plist; sourceTree = "<group>"; };
		13642E8B1F12029C008174AB /* SlapChat-Bridging-Header.h */ = {isa = PBXFileReference; lastKnownFileType = sourcecode.c.h; path = "SlapChat-Bridging-Header.h"; sourceTree = "<group>"; };
		13642E8C1F12029C008174AB /* AAPLCameraVCDelegate.h */ = {isa = PBXFileReference; fileEncoding = 4; lastKnownFileType = sourcecode.c.h; path = AAPLCameraVCDelegate.h; sourceTree = "<group>"; };
		13642E8D1F12029C008174AB /* AAPLCameraViewController.h */ = {isa = PBXFileReference; fileEncoding = 4; lastKnownFileType = sourcecode.c.h; path = AAPLCameraViewController.h; sourceTree = "<group>"; };
		13642E8E1F12029C008174AB /* AAPLCameraViewController.m */ = {isa = PBXFileReference; fileEncoding = 4; lastKnownFileType = sourcecode.c.objc; path = AAPLCameraViewController.m; sourceTree = "<group>"; };
		13642E8F1F12029C008174AB /* AAPLPreviewView.h */ = {isa = PBXFileReference; fileEncoding = 4; lastKnownFileType = sourcecode.c.h; path = AAPLPreviewView.h; sourceTree = "<group>"; };
		13642E901F12029C008174AB /* AAPLPreviewView.m */ = {isa = PBXFileReference; fileEncoding = 4; lastKnownFileType = sourcecode.c.objc; path = AAPLPreviewView.m; sourceTree = "<group>"; };
		138E31081F15611F00036C45 /* GoogleService-Info.plist */ = {isa = PBXFileReference; fileEncoding = 4; lastKnownFileType = text.plist.xml; path = "GoogleService-Info.plist"; sourceTree = "<group>"; };
		138E310A1F15949800036C45 /* RoundTextField.swift */ = {isa = PBXFileReference; fileEncoding = 4; lastKnownFileType = sourcecode.swift; path = RoundTextField.swift; sourceTree = "<group>"; };
		138E310E1F1598DD00036C45 /* RoundedButton.swift */ = {isa = PBXFileReference; fileEncoding = 4; lastKnownFileType = sourcecode.swift; path = RoundedButton.swift; sourceTree = "<group>"; };
		138E31101F159A3900036C45 /* LogInVC.swift */ = {isa = PBXFileReference; fileEncoding = 4; lastKnownFileType = sourcecode.swift; path = LogInVC.swift; sourceTree = "<group>"; };
		2AFE5F8D8CDC997D7FC3D03B /* Pods-SlapChat.release.xcconfig */ = {isa = PBXFileReference; includeInIndex = 1; lastKnownFileType = text.xcconfig; name = "Pods-SlapChat.release.xcconfig"; path = "Pods/Target Support Files/Pods-SlapChat/Pods-SlapChat.release.xcconfig"; sourceTree = "<group>"; };
		3FD1A14E66238C7C7D3DBF3A /* Pods_SlapChat.framework */ = {isa = PBXFileReference; explicitFileType = wrapper.framework; includeInIndex = 0; path = Pods_SlapChat.framework; sourceTree = BUILT_PRODUCTS_DIR; };
		91DA9E388742319D073A1D8C /* Pods-SlapChat.debug.xcconfig */ = {isa = PBXFileReference; includeInIndex = 1; lastKnownFileType = text.xcconfig; name = "Pods-SlapChat.debug.xcconfig"; path = "Pods/Target Support Files/Pods-SlapChat/Pods-SlapChat.debug.xcconfig"; sourceTree = "<group>"; };
/* End PBXFileReference section */

/* Begin PBXFrameworksBuildPhase section */
		13642E611F1183D1008174AB /* Frameworks */ = {
			isa = PBXFrameworksBuildPhase;
			buildActionMask = 2147483647;
			files = (
				346D27769A5915E1635815F7 /* Pods_SlapChat.framework in Frameworks */,
			);
			runOnlyForDeploymentPostprocessing = 0;
		};
/* End PBXFrameworksBuildPhase section */

/* Begin PBXGroup section */
		13642E5B1F1183D1008174AB = {
			isa = PBXGroup;
			children = (
				138E31081F15611F00036C45 /* GoogleService-Info.plist */,
				13642E661F1183D1008174AB /* SlapChat */,
				13642E651F1183D1008174AB /* Products */,
				6C8B9160F2E61FF73BB6BB02 /* Pods */,
				6725673CDF4EF1B180D4EC00 /* Frameworks */,
			);
			sourceTree = "<group>";
		};
		13642E651F1183D1008174AB /* Products */ = {
			isa = PBXGroup;
			children = (
				13642E641F1183D1008174AB /* SlapChat.app */,
			);
			name = Products;
			sourceTree = "<group>";
		};
		13642E661F1183D1008174AB /* SlapChat */ = {
			isa = PBXGroup;
			children = (
				13A0614F1F15271800748FC2 /* Protocols */,
				13642E951F1202C0008174AB /* Controller */,
				13642E941F1202B6008174AB /* View */,
				13642E931F1202B0008174AB /* Model */,
				13642E671F1183D1008174AB /* AppDelegate.swift */,
				13642E6B1F1183D1008174AB /* Main.storyboard */,
				13642E6E1F1183D1008174AB /* Assets.xcassets */,
				13642E701F1183D1008174AB /* LaunchScreen.storyboard */,
				13642E731F1183D1008174AB /* Info.plist */,
				13642E8B1F12029C008174AB /* SlapChat-Bridging-Header.h */,
			);
			path = SlapChat;
			sourceTree = "<group>";
		};
		13642E931F1202B0008174AB /* Model */ = {
			isa = PBXGroup;
			children = (
			);
			name = Model;
			sourceTree = "<group>";
		};
		13642E941F1202B6008174AB /* View */ = {
			isa = PBXGroup;
			children = (
				13642E8F1F12029C008174AB /* AAPLPreviewView.h */,
				13642E901F12029C008174AB /* AAPLPreviewView.m */,
				138E310A1F15949800036C45 /* RoundTextField.swift */,
				138E310E1F1598DD00036C45 /* RoundedButton.swift */,
			);
			name = View;
			sourceTree = "<group>";
		};
		13642E951F1202C0008174AB /* Controller */ = {
			isa = PBXGroup;
			children = (
				13642E8D1F12029C008174AB /* AAPLCameraViewController.h */,
				13642E8E1F12029C008174AB /* AAPLCameraViewController.m */,
				13642E691F1183D1008174AB /* ViewController.swift */,
				138E31101F159A3900036C45 /* LogInVC.swift */,
			);
			name = Controller;
			sourceTree = "<group>";
		};
		13A0614F1F15271800748FC2 /* Protocols */ = {
			isa = PBXGroup;
			children = (
				13642E8C1F12029C008174AB /* AAPLCameraVCDelegate.h */,
			);
			name = Protocols;
			sourceTree = "<group>";
		};
		6725673CDF4EF1B180D4EC00 /* Frameworks */ = {
			isa = PBXGroup;
			children = (
				3FD1A14E66238C7C7D3DBF3A /* Pods_SlapChat.framework */,
			);
			name = Frameworks;
			sourceTree = "<group>";
		};
		6C8B9160F2E61FF73BB6BB02 /* Pods */ = {
			isa = PBXGroup;
			children = (
				91DA9E388742319D073A1D8C /* Pods-SlapChat.debug.xcconfig */,
				2AFE5F8D8CDC997D7FC3D03B /* Pods-SlapChat.release.xcconfig */,
			);
			name = Pods;
			sourceTree = "<group>";
		};
/* End PBXGroup section */

/* Begin PBXNativeTarget section */
		13642E631F1183D1008174AB /* SlapChat */ = {
			isa = PBXNativeTarget;
			buildConfigurationList = 13642E761F1183D1008174AB /* Build configuration list for PBXNativeTarget "SlapChat" */;
			buildPhases = (
				1E63608FF92DE85715C8B133 /* [CP] Check Pods Manifest.lock */,
				13642E601F1183D1008174AB /* Sources */,
				13642E611F1183D1008174AB /* Frameworks */,
				13642E621F1183D1008174AB /* Resources */,
				F520FA453E3B1FF275ABFB56 /* [CP] Embed Pods Frameworks */,
				3FD5141AD8C93A1D2E982D22 /* [CP] Copy Pods Resources */,
			);
			buildRules = (
			);
			dependencies = (
			);
			name = SlapChat;
			productName = SlapChat;
			productReference = 13642E641F1183D1008174AB /* SlapChat.app */;
			productType = "com.apple.product-type.application";
		};
/* End PBXNativeTarget section */

/* Begin PBXProject section */
		13642E5C1F1183D1008174AB /* Project object */ = {
			isa = PBXProject;
			attributes = {
				LastSwiftUpdateCheck = 0830;
				LastUpgradeCheck = 0830;
				ORGANIZATIONNAME = self;
				TargetAttributes = {
					13642E631F1183D1008174AB = {
						CreatedOnToolsVersion = 8.3.3;
						DevelopmentTeam = RY4LKVN272;
						LastSwiftMigration = 0830;
						ProvisioningStyle = Automatic;
					};
				};
			};
			buildConfigurationList = 13642E5F1F1183D1008174AB /* Build configuration list for PBXProject "SlapChat" */;
			compatibilityVersion = "Xcode 3.2";
			developmentRegion = English;
			hasScannedForEncodings = 0;
			knownRegions = (
				en,
				Base,
			);
			mainGroup = 13642E5B1F1183D1008174AB;
			productRefGroup = 13642E651F1183D1008174AB /* Products */;
			projectDirPath = "";
			projectRoot = "";
			targets = (
				13642E631F1183D1008174AB /* SlapChat */,
			);
		};
/* End PBXProject section */

/* Begin PBXResourcesBuildPhase section */
		13642E621F1183D1008174AB /* Resources */ = {
			isa = PBXResourcesBuildPhase;
			buildActionMask = 2147483647;
			files = (
				13642E721F1183D1008174AB /* LaunchScreen.storyboard in Resources */,
				138E31091F15611F00036C45 /* GoogleService-Info.plist in Resources */,
				13642E6F1F1183D1008174AB /* Assets.xcassets in Resources */,
				13642E6D1F1183D1008174AB /* Main.storyboard in Resources */,
			);
			runOnlyForDeploymentPostprocessing = 0;
		};
/* End PBXResourcesBuildPhase section */

/* Begin PBXShellScriptBuildPhase section */
		1E63608FF92DE85715C8B133 /* [CP] Check Pods Manifest.lock */ = {
			isa = PBXShellScriptBuildPhase;
			buildActionMask = 2147483647;
			files = (
			);
			inputPaths = (
			);
			name = "[CP] Check Pods Manifest.lock";
			outputPaths = (
			);
			runOnlyForDeploymentPostprocessing = 0;
			shellPath = /bin/sh;
			shellScript = "diff \"${PODS_PODFILE_DIR_PATH}/Podfile.lock\" \"${PODS_ROOT}/Manifest.lock\" > /dev/null\nif [ $? != 0 ] ; then\n    # print error to STDERR\n    echo \"error: The sandbox is not in sync with the Podfile.lock. Run 'pod install' or update your CocoaPods installation.\" >&2\n    exit 1\nfi\n";
			showEnvVarsInLog = 0;
		};
		3FD5141AD8C93A1D2E982D22 /* [CP] Copy Pods Resources */ = {
			isa = PBXShellScriptBuildPhase;
			buildActionMask = 2147483647;
			files = (
			);
			inputPaths = (
			);
			name = "[CP] Copy Pods Resources";
			outputPaths = (
			);
			runOnlyForDeploymentPostprocessing = 0;
			shellPath = /bin/sh;
			shellScript = "\"${SRCROOT}/Pods/Target Support Files/Pods-SlapChat/Pods-SlapChat-resources.sh\"\n";
			showEnvVarsInLog = 0;
		};
		F520FA453E3B1FF275ABFB56 /* [CP] Embed Pods Frameworks */ = {
			isa = PBXShellScriptBuildPhase;
			buildActionMask = 2147483647;
			files = (
			);
			inputPaths = (
			);
			name = "[CP] Embed Pods Frameworks";
			outputPaths = (
			);
			runOnlyForDeploymentPostprocessing = 0;
			shellPath = /bin/sh;
			shellScript = "\"${SRCROOT}/Pods/Target Support Files/Pods-SlapChat/Pods-SlapChat-frameworks.sh\"\n";
			showEnvVarsInLog = 0;
		};
/* End PBXShellScriptBuildPhase section */

/* Begin PBXSourcesBuildPhase section */
		13642E601F1183D1008174AB /* Sources */ = {
			isa = PBXSourcesBuildPhase;
			buildActionMask = 2147483647;
			files = (
				13642E6A1F1183D1008174AB /* ViewController.swift in Sources */,
				138E310F1F1598DD00036C45 /* RoundedButton.swift in Sources */,
				13642E681F1183D1008174AB /* AppDelegate.swift in Sources */,
				138E31111F159A3900036C45 /* LogInVC.swift in Sources */,
				138E310B1F15949800036C45 /* RoundTextField.swift in Sources */,
				13642E911F12029C008174AB /* AAPLCameraViewController.m in Sources */,
				13642E921F12029C008174AB /* AAPLPreviewView.m in Sources */,
			);
			runOnlyForDeploymentPostprocessing = 0;
		};
/* End PBXSourcesBuildPhase section */

/* Begin PBXVariantGroup section */
		13642E6B1F1183D1008174AB /* Main.storyboard */ = {
			isa = PBXVariantGroup;
			children = (
				13642E6C1F1183D1008174AB /* Base */,
			);
			name = Main.storyboard;
			sourceTree = "<group>";
		};
		13642E701F1183D1008174AB /* LaunchScreen.storyboard */ = {
			isa = PBXVariantGroup;
			children = (
				13642E711F1183D1008174AB /* Base */,
			);
			name = LaunchScreen.storyboard;
			sourceTree = "<group>";
		};
/* End PBXVariantGroup section */

/* Begin XCBuildConfiguration section */
		13642E741F1183D1008174AB /* Debug */ = {
			isa = XCBuildConfiguration;
			buildSettings = {
				ALWAYS_SEARCH_USER_PATHS = NO;
				CLANG_ANALYZER_NONNULL = YES;
				CLANG_ANALYZER_NUMBER_OBJECT_CONVERSION = YES_AGGRESSIVE;
				CLANG_CXX_LANGUAGE_STANDARD = "gnu++0x";
				CLANG_CXX_LIBRARY = "libc++";
				CLANG_ENABLE_MODULES = YES;
				CLANG_ENABLE_OBJC_ARC = YES;
				CLANG_WARN_BOOL_CONVERSION = YES;
				CLANG_WARN_CONSTANT_CONVERSION = YES;
				CLANG_WARN_DIRECT_OBJC_ISA_USAGE = YES_ERROR;
				CLANG_WARN_DOCUMENTATION_COMMENTS = YES;
				CLANG_WARN_EMPTY_BODY = YES;
				CLANG_WARN_ENUM_CONVERSION = YES;
				CLANG_WARN_INFINITE_RECURSION = YES;
				CLANG_WARN_INT_CONVERSION = YES;
				CLANG_WARN_OBJC_ROOT_CLASS = YES_ERROR;
				CLANG_WARN_SUSPICIOUS_MOVE = YES;
				CLANG_WARN_UNREACHABLE_CODE = YES;
				CLANG_WARN__DUPLICATE_METHOD_MATCH = YES;
				"CODE_SIGN_IDENTITY[sdk=iphoneos*]" = "iPhone Developer";
				COPY_PHASE_STRIP = NO;
				DEBUG_INFORMATION_FORMAT = dwarf;
				ENABLE_STRICT_OBJC_MSGSEND = YES;
				ENABLE_TESTABILITY = YES;
				GCC_C_LANGUAGE_STANDARD = gnu99;
				GCC_DYNAMIC_NO_PIC = NO;
				GCC_NO_COMMON_BLOCKS = YES;
				GCC_OPTIMIZATION_LEVEL = 0;
				GCC_PREPROCESSOR_DEFINITIONS = (
					"DEBUG=1",
					"$(inherited)",
				);
				GCC_WARN_64_TO_32_BIT_CONVERSION = YES;
				GCC_WARN_ABOUT_RETURN_TYPE = YES_ERROR;
				GCC_WARN_UNDECLARED_SELECTOR = YES;
				GCC_WARN_UNINITIALIZED_AUTOS = YES_AGGRESSIVE;
				GCC_WARN_UNUSED_FUNCTION = YES;
				GCC_WARN_UNUSED_VARIABLE = YES;
				IPHONEOS_DEPLOYMENT_TARGET = 10.3;
				MTL_ENABLE_DEBUG_INFO = YES;
				ONLY_ACTIVE_ARCH = YES;
				SDKROOT = iphoneos;
				SWIFT_ACTIVE_COMPILATION_CONDITIONS = DEBUG;
				SWIFT_OPTIMIZATION_LEVEL = "-Onone";
			};
			name = Debug;
		};
		13642E751F1183D1008174AB /* Release */ = {
			isa = XCBuildConfiguration;
			buildSettings = {
				ALWAYS_SEARCH_USER_PATHS = NO;
				CLANG_ANALYZER_NONNULL = YES;
				CLANG_ANALYZER_NUMBER_OBJECT_CONVERSION = YES_AGGRESSIVE;
				CLANG_CXX_LANGUAGE_STANDARD = "gnu++0x";
				CLANG_CXX_LIBRARY = "libc++";
				CLANG_ENABLE_MODULES = YES;
				CLANG_ENABLE_OBJC_ARC = YES;
				CLANG_WARN_BOOL_CONVERSION = YES;
				CLANG_WARN_CONSTANT_CONVERSION = YES;
				CLANG_WARN_DIRECT_OBJC_ISA_USAGE = YES_ERROR;
				CLANG_WARN_DOCUMENTATION_COMMENTS = YES;
				CLANG_WARN_EMPTY_BODY = YES;
				CLANG_WARN_ENUM_CONVERSION = YES;
				CLANG_WARN_INFINITE_RECURSION = YES;
				CLANG_WARN_INT_CONVERSION = YES;
				CLANG_WARN_OBJC_ROOT_CLASS = YES_ERROR;
				CLANG_WARN_SUSPICIOUS_MOVE = YES;
				CLANG_WARN_UNREACHABLE_CODE = YES;
				CLANG_WARN__DUPLICATE_METHOD_MATCH = YES;
				"CODE_SIGN_IDENTITY[sdk=iphoneos*]" = "iPhone Developer";
				COPY_PHASE_STRIP = NO;
				DEBUG_INFORMATION_FORMAT = "dwarf-with-dsym";
				ENABLE_NS_ASSERTIONS = NO;
				ENABLE_STRICT_OBJC_MSGSEND = YES;
				GCC_C_LANGUAGE_STANDARD = gnu99;
				GCC_NO_COMMON_BLOCKS = YES;
				GCC_WARN_64_TO_32_BIT_CONVERSION = YES;
				GCC_WARN_ABOUT_RETURN_TYPE = YES_ERROR;
				GCC_WARN_UNDECLARED_SELECTOR = YES;
				GCC_WARN_UNINITIALIZED_AUTOS = YES_AGGRESSIVE;
				GCC_WARN_UNUSED_FUNCTION = YES;
				GCC_WARN_UNUSED_VARIABLE = YES;
				IPHONEOS_DEPLOYMENT_TARGET = 10.3;
				MTL_ENABLE_DEBUG_INFO = NO;
				SDKROOT = iphoneos;
				SWIFT_OPTIMIZATION_LEVEL = "-Owholemodule";
				VALIDATE_PRODUCT = YES;
			};
			name = Release;
		};
		13642E771F1183D1008174AB /* Debug */ = {
			isa = XCBuildConfiguration;
			baseConfigurationReference = 91DA9E388742319D073A1D8C /* Pods-SlapChat.debug.xcconfig */;
			buildSettings = {
				ASSETCATALOG_COMPILER_APPICON_NAME = AppIcon;
				CLANG_ENABLE_MODULES = YES;
				DEVELOPMENT_TEAM = RY4LKVN272;
				INFOPLIST_FILE = SlapChat/Info.plist;
				IPHONEOS_DEPLOYMENT_TARGET = 10.3;
				LD_RUNPATH_SEARCH_PATHS = "$(inherited) @executable_path/Frameworks";
				PRODUCT_BUNDLE_IDENTIFIER = self.SlapChat;
				PRODUCT_NAME = "$(TARGET_NAME)";
				SWIFT_OBJC_BRIDGING_HEADER = "SlapChat/SlapChat-Bridging-Header.h";
				SWIFT_OPTIMIZATION_LEVEL = "-Onone";
				SWIFT_VERSION = 3.0;
			};
			name = Debug;
		};
		13642E781F1183D1008174AB /* Release */ = {
			isa = XCBuildConfiguration;
			baseConfigurationReference = 2AFE5F8D8CDC997D7FC3D03B /* Pods-SlapChat.release.xcconfig */;
			buildSettings = {
				ASSETCATALOG_COMPILER_APPICON_NAME = AppIcon;
				CLANG_ENABLE_MODULES = YES;
				DEVELOPMENT_TEAM = RY4LKVN272;
				INFOPLIST_FILE = SlapChat/Info.plist;
				IPHONEOS_DEPLOYMENT_TARGET = 10.3;
				LD_RUNPATH_SEARCH_PATHS = "$(inherited) @executable_path/Frameworks";
				PRODUCT_BUNDLE_IDENTIFIER = self.SlapChat;
				PRODUCT_NAME = "$(TARGET_NAME)";
				SWIFT_OBJC_BRIDGING_HEADER = "SlapChat/SlapChat-Bridging-Header.h";
				SWIFT_VERSION = 3.0;
			};
			name = Release;
		};
/* End XCBuildConfiguration section */

/* Begin XCConfigurationList section */
		13642E5F1F1183D1008174AB /* Build configuration list for PBXProject "SlapChat" */ = {
			isa = XCConfigurationList;
			buildConfigurations = (
				13642E741F1183D1008174AB /* Debug */,
				13642E751F1183D1008174AB /* Release */,
			);
			defaultConfigurationIsVisible = 0;
			defaultConfigurationName = Release;
		};
		13642E761F1183D1008174AB /* Build configuration list for PBXNativeTarget "SlapChat" */ = {
			isa = XCConfigurationList;
			buildConfigurations = (
				13642E771F1183D1008174AB /* Debug */,
				13642E781F1183D1008174AB /* Release */,
			);
			defaultConfigurationIsVisible = 0;
			defaultConfigurationName = Release;
		};
/* End XCConfigurationList section */
	};
	rootObject = 13642E5C1F1183D1008174AB /* Project object */;
}
